{
    "_readme": [
        "This file locks the dependencies of your project to a known state",
        "Read more about it at https://getcomposer.org/doc/01-basic-usage.md#composer-lock-the-lock-file",
        "This file is @generated automatically"
    ],
    "content-hash": "af5cbdaa4ef256467914b7323ae67a28",
    "packages": [
        {
            "name": "runn/core",
            "version": "v7.1.1",
            "source": {
                "type": "git",
                "url": "https://github.com/RunnMe/Core.git",
                "reference": "fdda7e9ae95d089574b7522761eb5cf87c1ce806"
            },
            "dist": {
                "type": "zip",
                "url": "https://api.github.com/repos/RunnMe/Core/zipball/fdda7e9ae95d089574b7522761eb5cf87c1ce806",
                "reference": "fdda7e9ae95d089574b7522761eb5cf87c1ce806",
                "shasum": ""
            },
            "require": {
                "php": ">=7.1"
            },
            "require-dev": {
                "phpunit/phpunit": "5.*"
            },
            "type": "library",
            "autoload": {
                "psr-4": {
                    "Runn\\": "src/"
                }
            },
            "notification-url": "https://packagist.org/downloads/",
            "license": [
                "LGPL v.3"
            ],
            "authors": [
                {
                    "name": "Albert Stepantsev"
                },
                {
                    "name": "Maxim Fedorov",
                    "email": "scorp7mix@gmail.com"
                },
                {
                    "name": "Dmitriy Makarov",
                    "email": "ru.damakarov@gmail.com"
                },
                {
                    "name": "Dmitry Karasev",
                    "email": "karasev.dmitry@gmail.com"
                }
            ],
            "description": "Runn Me! Core Library",
            "keywords": [
                "collection",
                "framework",
                "multiexception",
                "runn",
                "runn.me",
                "std"
            ],
            "time": "2017-04-26T09:18:16+00:00"
        },
        {
            "name": "runn/fs",
            "version": "v7.1.0",
            "source": {
                "type": "git",
                "url": "https://github.com/RunnMe/Fs.git",
                "reference": "8eb5a0617fb41f85969928aa4fdb803153975a63"
            },
            "dist": {
                "type": "zip",
                "url": "https://api.github.com/repos/RunnMe/Fs/zipball/8eb5a0617fb41f85969928aa4fdb803153975a63",
                "reference": "8eb5a0617fb41f85969928aa4fdb803153975a63",
                "shasum": ""
            },
            "require": {
                "php": ">=7.1",
                "runn/core": "7.1.*",
                "runn/serialization": "7.1.*"
            },
            "require-dev": {
                "phpunit/phpunit": "5.*"
            },
            "type": "library",
            "autoload": {
                "psr-4": {
                    "Runn\\": "src/"
                }
            },
            "notification-url": "https://packagist.org/downloads/",
            "license": [
                "LGPL v.3"
            ],
            "authors": [
                {
                    "name": "Albert Stepantsev"
                }
            ],
            "description": "Runn Me! File System Library",
            "keywords": [
                "file",
                "folder",
                "framework",
                "runn",
                "runn.me"
            ],
            "time": "2017-04-18T12:54:50+00:00"
        },
        {
            "name": "runn/serialization",
            "version": "v7.1.0",
            "source": {
                "type": "git",
                "url": "https://github.com/RunnMe/Serialization.git",
                "reference": "e726040225f83e0447914d4864f89d1b35843dfb"
            },
            "dist": {
                "type": "zip",
                "url": "https://api.github.com/repos/RunnMe/Serialization/zipball/e726040225f83e0447914d4864f89d1b35843dfb",
                "reference": "e726040225f83e0447914d4864f89d1b35843dfb",
                "shasum": ""
            },
            "require": {
                "php": ">=7.1",
                "runn/core": "7.1.*"
            },
            "require-dev": {
                "phpunit/phpunit": "5.*"
            },
            "type": "library",
            "autoload": {
                "psr-4": {
                    "Runn\\": "src/"
                }
            },
            "notification-url": "https://packagist.org/downloads/",
            "license": [
                "LGPL v.3"
            ],
            "authors": [
                {
                    "name": "Albert Stepantsev"
                }
            ],
            "description": "Runn Me! Serialization Library",
            "keywords": [
                "decode",
                "deserialize",
                "encode",
                "framework",
                "runn",
                "runn.me",
                "serialization",
                "serialize",
                "unserialize"
            ],
            "time": "2017-04-18T10:45:54+00:00"
        }
    ],
    "packages-dev": [],
    "aliases": [],
    "minimum-stability": "stable",
    "stability-flags": [],
    "prefer-stable": false,
    "prefer-lowest": false,
    "platform": [],
    "platform-dev": []
}
